<?xml version="1.0" encoding="UTF-8" standalone="yes" ?>
<CodeBlocks_project_file>
	<FileVersion major="1" minor="6" />
	<Project>
		<Option title="Neural" />
		<Option pch_mode="0" />
		<Option compiler="gcc" />
		<Build>
			<Target title="Debug">
				<Option output="Debug/Neural.exe" prefix_auto="0" extension_auto="0" />
				<Option object_output="Debug" />
				<Option type="0" />
				<Option compiler="gcc" />
				<Option projectResourceIncludeDirsRelation="0" />
				<Compiler>
					<Add option="-O0" />
					<Add directory="../Go4D" />
					<Add directory="../Go4D/Tools" />
					<Add directory="../Go4D/Special" />
					<Add directory="../Go4D/Platform" />
					<Add directory="../Go4D/Graph2D" />
				</Compiler>
			</Target>
			<Target title="Release">
				<Option output="Release/Neural.exe" prefix_auto="0" extension_auto="0" />
				<Option object_output="Release" />
				<Option type="0" />
				<Option compiler="gcc" />
				<Option projectResourceIncludeDirsRelation="0" />
				<Compiler>
					<Add option="-O2" />
				</Compiler>
			</Target>
		</Build>
		<VirtualTargets>
			<Add alias="All" targets="Debug;Release;" />
		</VirtualTargets>
		<Compiler>
			<Add option="-Dusefixed" />
			<Add option="-DSDL" />
			<Add directory="/home/yba/go4d/Neural/" />
			<Add directory="../Go4D" />
			<Add directory="../Go4D/Tools" />
			<Add directory="../Go4D/Special" />
			<Add directory="../Go4D/Platform" />
			<Add directory="../Go4D/Graph2D" />
		</Compiler>
		<Linker>
			<Add library="../Go4D/libGo4D.a" />
			<Add library="SDL" />
		</Linker>
		<Unit filename="GenDemo.cpp" />
		<Unit filename="GenDemo.h" />
		<Unit filename="GenTest.cpp" />
		<Unit filename="IntelligentCar.cpp">
			<Option compile="0" />
			<Option link="0" />
		</Unit>
		<Unit filename="IntelligentCar.h" />
		<Unit filename="car.cpp" />
		<Unit filename="car.h" />
		<Unit filename="gen.cpp" />
		<Unit filename="gen.h" />
		<Unit filename="genn.cpp">
			<Option compile="0" />
			<Option link="0" />
		</Unit>
		<Unit filename="nn.cpp" />
		<Unit filename="nn.h" />
		<Unit filename="retro.cpp">
			<Option compile="0" />
			<Option link="0" />
		</Unit>
		<Extensions>
			<code_completion />
			<debugger />
		</Extensions>
	</Project>
</CodeBlocks_project_file>
