Microsoft Visual Studio Solution File, Format Version 9.00
# Visual C++ Express 2005
Project("{8BC9CEB8-8B4A-11D0-8D11-00A0C91BC942}") = "Go4D", "Go4D\Go4D.vcproj", "{19848FE3-EC4E-11D4-B9E8-0000B472A8D1}"
EndProject
Project("{8BC9CEB8-8B4A-11D0-8D11-00A0C91BC942}") = "GIFViewer", "GIFViewer\GIFViewer.vcproj", "{19849015-EC4E-11D4-B9E8-0000B472A8D1}"
EndProject
Project("{8BC9CEB8-8B4A-11D0-8D11-00A0C91BC942}") = "GUI", "GUI\GUI.vcproj", "{1984903F-EC4E-11D4-B9E8-0000B472A8D1}"
EndProject
Project("{8BC9CEB8-8B4A-11D0-8D11-00A0C91BC942}") = "Cube", "Cube\Cube.vcproj", "{19849077-EC4E-11D4-B9E8-0000B472A8D1}"
EndProject
Project("{8BC9CEB8-8B4A-11D0-8D11-00A0C91BC942}") = "OFFViewer", "OFFViewer\OFFViewer.vcproj", "{198492B3-EC4E-11D4-B9E8-0000B472A8D1}"
EndProject
Project("{8BC9CEB8-8B4A-11D0-8D11-00A0C91BC942}") = "Voxel", "Voxel\Voxel.vcproj", "{198492DB-EC4E-11D4-B9E8-0000B472A8D1}"
EndProject
Project("{8BC9CEB8-8B4A-11D0-8D11-00A0C91BC942}") = "Beast", "Beast\Beast.vcproj", "{1B82DEFF-ED58-11D4-B9E8-0000B472A8D1}"
EndProject
Project("{8BC9CEB8-8B4A-11D0-8D11-00A0C91BC942}") = "Modeler", "Modeler\Modeler.vcproj", "{C73D1710-F469-11D4-BB38-D0E651C135CB}"
EndProject
Project("{8BC9CEB8-8B4A-11D0-8D11-00A0C91BC942}") = "Physic", "Physic\Physic.vcproj", "{E1ED6511-F7C0-11D4-BB39-E06450C19A15}"
EndProject
Project("{8BC9CEB8-8B4A-11D0-8D11-00A0C91BC942}") = "Fire", "Fire\Fire.vcproj", "{630D5EB2-F9E3-11D4-BB39-006750C19A15}"
EndProject
Project("{8BC9CEB8-8B4A-11D0-8D11-00A0C91BC942}") = "Fractal", "Fractal\Fractal.vcproj", "{630D5EB5-F9E3-11D4-BB39-006750C19A15}"
EndProject
Project("{8BC9CEB8-8B4A-11D0-8D11-00A0C91BC942}") = "Block", "Block\Block.vcproj", "{630D5EB8-F9E3-11D4-BB39-006750C19A15}"
EndProject
Project("{8BC9CEB8-8B4A-11D0-8D11-00A0C91BC942}") = "Neural", "Neural\Neural.vcproj", "{630D5EBA-F9E3-11D4-BB39-006750C19A15}"
EndProject
Project("{8BC9CEB8-8B4A-11D0-8D11-00A0C91BC942}") = "Particle", "Particle\Particle.vcproj", "{630D5EBC-F9E3-11D4-BB39-006750C19A15}"
EndProject
Project("{8BC9CEB8-8B4A-11D0-8D11-00A0C91BC942}") = "Stereo", "Stereo\Stereo.vcproj", "{630D5EC1-F9E3-11D4-BB39-006750C19A15}"
EndProject
Project("{8BC9CEB8-8B4A-11D0-8D11-00A0C91BC942}") = "Water", "Water\Water.vcproj", "{630D5EC3-F9E3-11D4-BB39-006750C19A15}"
EndProject
Global
	GlobalSection(SolutionConfigurationPlatforms) = preSolution
		Debug|Win32 = Debug|Win32
		Optimized|Win32 = Optimized|Win32
		Release|Win32 = Release|Win32
	EndGlobalSection
	GlobalSection(ProjectConfigurationPlatforms) = postSolution
		{19848FE3-EC4E-11D4-B9E8-0000B472A8D1}.Debug|Win32.ActiveCfg = Debug|Win32
		{19848FE3-EC4E-11D4-B9E8-0000B472A8D1}.Debug|Win32.Build.0 = Debug|Win32
		{19848FE3-EC4E-11D4-B9E8-0000B472A8D1}.Optimized|Win32.ActiveCfg = Release|Win32
		{19848FE3-EC4E-11D4-B9E8-0000B472A8D1}.Optimized|Win32.Build.0 = Release|Win32
		{19848FE3-EC4E-11D4-B9E8-0000B472A8D1}.Release|Win32.ActiveCfg = Release|Win32
		{19848FE3-EC4E-11D4-B9E8-0000B472A8D1}.Release|Win32.Build.0 = Release|Win32
		{19849015-EC4E-11D4-B9E8-0000B472A8D1}.Debug|Win32.ActiveCfg = Debug|Win32
		{19849015-EC4E-11D4-B9E8-0000B472A8D1}.Debug|Win32.Build.0 = Debug|Win32
		{19849015-EC4E-11D4-B9E8-0000B472A8D1}.Optimized|Win32.ActiveCfg = Release|Win32
		{19849015-EC4E-11D4-B9E8-0000B472A8D1}.Optimized|Win32.Build.0 = Release|Win32
		{19849015-EC4E-11D4-B9E8-0000B472A8D1}.Release|Win32.ActiveCfg = Release|Win32
		{19849015-EC4E-11D4-B9E8-0000B472A8D1}.Release|Win32.Build.0 = Release|Win32
		{1984903F-EC4E-11D4-B9E8-0000B472A8D1}.Debug|Win32.ActiveCfg = Debug|Win32
		{1984903F-EC4E-11D4-B9E8-0000B472A8D1}.Debug|Win32.Build.0 = Debug|Win32
		{1984903F-EC4E-11D4-B9E8-0000B472A8D1}.Optimized|Win32.ActiveCfg = Release|Win32
		{1984903F-EC4E-11D4-B9E8-0000B472A8D1}.Optimized|Win32.Build.0 = Release|Win32
		{1984903F-EC4E-11D4-B9E8-0000B472A8D1}.Release|Win32.ActiveCfg = Release|Win32
		{1984903F-EC4E-11D4-B9E8-0000B472A8D1}.Release|Win32.Build.0 = Release|Win32
		{19849077-EC4E-11D4-B9E8-0000B472A8D1}.Debug|Win32.ActiveCfg = Debug|Win32
		{19849077-EC4E-11D4-B9E8-0000B472A8D1}.Debug|Win32.Build.0 = Debug|Win32
		{19849077-EC4E-11D4-B9E8-0000B472A8D1}.Optimized|Win32.ActiveCfg = Release|Win32
		{19849077-EC4E-11D4-B9E8-0000B472A8D1}.Optimized|Win32.Build.0 = Release|Win32
		{19849077-EC4E-11D4-B9E8-0000B472A8D1}.Release|Win32.ActiveCfg = Release|Win32
		{19849077-EC4E-11D4-B9E8-0000B472A8D1}.Release|Win32.Build.0 = Release|Win32
		{198492B3-EC4E-11D4-B9E8-0000B472A8D1}.Debug|Win32.ActiveCfg = Debug|Win32
		{198492B3-EC4E-11D4-B9E8-0000B472A8D1}.Debug|Win32.Build.0 = Debug|Win32
		{198492B3-EC4E-11D4-B9E8-0000B472A8D1}.Optimized|Win32.ActiveCfg = Optimized|Win32
		{198492B3-EC4E-11D4-B9E8-0000B472A8D1}.Optimized|Win32.Build.0 = Optimized|Win32
		{198492B3-EC4E-11D4-B9E8-0000B472A8D1}.Release|Win32.ActiveCfg = Release|Win32
		{198492B3-EC4E-11D4-B9E8-0000B472A8D1}.Release|Win32.Build.0 = Release|Win32
		{198492DB-EC4E-11D4-B9E8-0000B472A8D1}.Debug|Win32.ActiveCfg = Debug|Win32
		{198492DB-EC4E-11D4-B9E8-0000B472A8D1}.Debug|Win32.Build.0 = Debug|Win32
		{198492DB-EC4E-11D4-B9E8-0000B472A8D1}.Optimized|Win32.ActiveCfg = Release|Win32
		{198492DB-EC4E-11D4-B9E8-0000B472A8D1}.Optimized|Win32.Build.0 = Release|Win32
		{198492DB-EC4E-11D4-B9E8-0000B472A8D1}.Release|Win32.ActiveCfg = Release|Win32
		{198492DB-EC4E-11D4-B9E8-0000B472A8D1}.Release|Win32.Build.0 = Release|Win32
		{1B82DEFF-ED58-11D4-B9E8-0000B472A8D1}.Debug|Win32.ActiveCfg = Debug|Win32
		{1B82DEFF-ED58-11D4-B9E8-0000B472A8D1}.Debug|Win32.Build.0 = Debug|Win32
		{1B82DEFF-ED58-11D4-B9E8-0000B472A8D1}.Optimized|Win32.ActiveCfg = Release|Win32
		{1B82DEFF-ED58-11D4-B9E8-0000B472A8D1}.Optimized|Win32.Build.0 = Release|Win32
		{1B82DEFF-ED58-11D4-B9E8-0000B472A8D1}.Release|Win32.ActiveCfg = Release|Win32
		{1B82DEFF-ED58-11D4-B9E8-0000B472A8D1}.Release|Win32.Build.0 = Release|Win32
		{C73D1710-F469-11D4-BB38-D0E651C135CB}.Debug|Win32.ActiveCfg = Debug|Win32
		{C73D1710-F469-11D4-BB38-D0E651C135CB}.Debug|Win32.Build.0 = Debug|Win32
		{C73D1710-F469-11D4-BB38-D0E651C135CB}.Optimized|Win32.ActiveCfg = Release|Win32
		{C73D1710-F469-11D4-BB38-D0E651C135CB}.Optimized|Win32.Build.0 = Release|Win32
		{C73D1710-F469-11D4-BB38-D0E651C135CB}.Release|Win32.ActiveCfg = Release|Win32
		{C73D1710-F469-11D4-BB38-D0E651C135CB}.Release|Win32.Build.0 = Release|Win32
		{E1ED6511-F7C0-11D4-BB39-E06450C19A15}.Debug|Win32.ActiveCfg = Debug|Win32
		{E1ED6511-F7C0-11D4-BB39-E06450C19A15}.Debug|Win32.Build.0 = Debug|Win32
		{E1ED6511-F7C0-11D4-BB39-E06450C19A15}.Optimized|Win32.ActiveCfg = Release|Win32
		{E1ED6511-F7C0-11D4-BB39-E06450C19A15}.Optimized|Win32.Build.0 = Release|Win32
		{E1ED6511-F7C0-11D4-BB39-E06450C19A15}.Release|Win32.ActiveCfg = Release|Win32
		{E1ED6511-F7C0-11D4-BB39-E06450C19A15}.Release|Win32.Build.0 = Release|Win32
		{630D5EB2-F9E3-11D4-BB39-006750C19A15}.Debug|Win32.ActiveCfg = Debug|Win32
		{630D5EB2-F9E3-11D4-BB39-006750C19A15}.Debug|Win32.Build.0 = Debug|Win32
		{630D5EB2-F9E3-11D4-BB39-006750C19A15}.Optimized|Win32.ActiveCfg = Release|Win32
		{630D5EB2-F9E3-11D4-BB39-006750C19A15}.Optimized|Win32.Build.0 = Release|Win32
		{630D5EB2-F9E3-11D4-BB39-006750C19A15}.Release|Win32.ActiveCfg = Release|Win32
		{630D5EB2-F9E3-11D4-BB39-006750C19A15}.Release|Win32.Build.0 = Release|Win32
		{630D5EB5-F9E3-11D4-BB39-006750C19A15}.Debug|Win32.ActiveCfg = Debug|Win32
		{630D5EB5-F9E3-11D4-BB39-006750C19A15}.Debug|Win32.Build.0 = Debug|Win32
		{630D5EB5-F9E3-11D4-BB39-006750C19A15}.Optimized|Win32.ActiveCfg = Release|Win32
		{630D5EB5-F9E3-11D4-BB39-006750C19A15}.Optimized|Win32.Build.0 = Release|Win32
		{630D5EB5-F9E3-11D4-BB39-006750C19A15}.Release|Win32.ActiveCfg = Release|Win32
		{630D5EB5-F9E3-11D4-BB39-006750C19A15}.Release|Win32.Build.0 = Release|Win32
		{630D5EB8-F9E3-11D4-BB39-006750C19A15}.Debug|Win32.ActiveCfg = Debug|Win32
		{630D5EB8-F9E3-11D4-BB39-006750C19A15}.Debug|Win32.Build.0 = Debug|Win32
		{630D5EB8-F9E3-11D4-BB39-006750C19A15}.Optimized|Win32.ActiveCfg = Release|Win32
		{630D5EB8-F9E3-11D4-BB39-006750C19A15}.Optimized|Win32.Build.0 = Release|Win32
		{630D5EB8-F9E3-11D4-BB39-006750C19A15}.Release|Win32.ActiveCfg = Release|Win32
		{630D5EB8-F9E3-11D4-BB39-006750C19A15}.Release|Win32.Build.0 = Release|Win32
		{630D5EBA-F9E3-11D4-BB39-006750C19A15}.Debug|Win32.ActiveCfg = Debug|Win32
		{630D5EBA-F9E3-11D4-BB39-006750C19A15}.Debug|Win32.Build.0 = Debug|Win32
		{630D5EBA-F9E3-11D4-BB39-006750C19A15}.Optimized|Win32.ActiveCfg = Release|Win32
		{630D5EBA-F9E3-11D4-BB39-006750C19A15}.Optimized|Win32.Build.0 = Release|Win32
		{630D5EBA-F9E3-11D4-BB39-006750C19A15}.Release|Win32.ActiveCfg = Release|Win32
		{630D5EBA-F9E3-11D4-BB39-006750C19A15}.Release|Win32.Build.0 = Release|Win32
		{630D5EBC-F9E3-11D4-BB39-006750C19A15}.Debug|Win32.ActiveCfg = Debug|Win32
		{630D5EBC-F9E3-11D4-BB39-006750C19A15}.Debug|Win32.Build.0 = Debug|Win32
		{630D5EBC-F9E3-11D4-BB39-006750C19A15}.Optimized|Win32.ActiveCfg = Release|Win32
		{630D5EBC-F9E3-11D4-BB39-006750C19A15}.Optimized|Win32.Build.0 = Release|Win32
		{630D5EBC-F9E3-11D4-BB39-006750C19A15}.Release|Win32.ActiveCfg = Release|Win32
		{630D5EBC-F9E3-11D4-BB39-006750C19A15}.Release|Win32.Build.0 = Release|Win32
		{630D5EC1-F9E3-11D4-BB39-006750C19A15}.Debug|Win32.ActiveCfg = Debug|Win32
		{630D5EC1-F9E3-11D4-BB39-006750C19A15}.Debug|Win32.Build.0 = Debug|Win32
		{630D5EC1-F9E3-11D4-BB39-006750C19A15}.Optimized|Win32.ActiveCfg = Release|Win32
		{630D5EC1-F9E3-11D4-BB39-006750C19A15}.Optimized|Win32.Build.0 = Release|Win32
		{630D5EC1-F9E3-11D4-BB39-006750C19A15}.Release|Win32.ActiveCfg = Release|Win32
		{630D5EC1-F9E3-11D4-BB39-006750C19A15}.Release|Win32.Build.0 = Release|Win32
		{630D5EC3-F9E3-11D4-BB39-006750C19A15}.Debug|Win32.ActiveCfg = Debug|Win32
		{630D5EC3-F9E3-11D4-BB39-006750C19A15}.Debug|Win32.Build.0 = Debug|Win32
		{630D5EC3-F9E3-11D4-BB39-006750C19A15}.Optimized|Win32.ActiveCfg = Release|Win32
		{630D5EC3-F9E3-11D4-BB39-006750C19A15}.Optimized|Win32.Build.0 = Release|Win32
		{630D5EC3-F9E3-11D4-BB39-006750C19A15}.Release|Win32.ActiveCfg = Release|Win32
		{630D5EC3-F9E3-11D4-BB39-006750C19A15}.Release|Win32.Build.0 = Release|Win32
	EndGlobalSection
	GlobalSection(SolutionProperties) = preSolution
		HideSolutionNode = FALSE
	EndGlobalSection
EndGlobal
