<?xml version="1.0" encoding="UTF-8" standalone="yes" ?>
<CodeBlocks_project_file>
	<FileVersion major="1" minor="6" />
	<Project>
		<Option title="Voxel" />
		<Option pch_mode="0" />
		<Option compiler="gcc" />
		<Build>
			<Target title="Debug">
				<Option output="Debug/Voxel.exe" prefix_auto="0" extension_auto="0" />
				<Option object_output="Debug" />
				<Option type="0" />
				<Option compiler="gcc" />
				<Option projectResourceIncludeDirsRelation="0" />
				<Compiler>
					<Add option="-O0" />
				</Compiler>
			</Target>
			<Target title="Release">
				<Option output="Release/Voxel.exe" prefix_auto="0" extension_auto="0" />
				<Option object_output="Release" />
				<Option type="0" />
				<Option compiler="gcc" />
				<Option projectResourceIncludeDirsRelation="0" />
				<Compiler>
					<Add option="-O2" />
				</Compiler>
			</Target>
		</Build>
		<VirtualTargets>
			<Add alias="All" targets="Debug;Release;" />
		</VirtualTargets>
		<Compiler>
			<Add directory="../Gà4D" />
		</Compiler>
		<Linker>
			<Add library="SDL" />
			<Add library="../Go4D/libGo4D.a" />
		</Linker>
		<Unit filename="Voxel.cpp" />
		<Unit filename="Voxel.h" />
		<Unit filename="VoxelDemo.cpp" />
		<Unit filename="VoxelDemo.h" />
		<Unit filename="VoxelTest.cpp" />
		<Extensions>
			<code_completion />
			<debugger />
		</Extensions>
	</Project>
</CodeBlocks_project_file>
