<?xml version="1.0" encoding="UTF-8" standalone="yes" ?>
<CodeBlocks_project_file>
	<FileVersion major="1" minor="6" />
	<Project>
		<Option title="OFFViewer" />
		<Option pch_mode="0" />
		<Option compiler="gcc" />
		<Build>
			<Target title="Debug">
				<Option output="Debug/OFFViewer.exe" prefix_auto="0" extension_auto="0" />
				<Option object_output="Debug" />
				<Option type="0" />
				<Option compiler="gcc" />
				<Option projectResourceIncludeDirsRelation="0" />
				<Compiler>
					<Add option="-O0" />
				</Compiler>
			</Target>
			<Target title="Release">
				<Option output="Release/OFFViewer.exe" prefix_auto="0" extension_auto="0" />
				<Option object_output="Release" />
				<Option type="0" />
				<Option compiler="gcc" />
				<Option projectResourceIncludeDirsRelation="0" />
				<Compiler>
					<Add option="-O2" />
				</Compiler>
			</Target>
			<Target title="Optimized">
				<Option output="Optimized/OFFViewer.exe" prefix_auto="0" extension_auto="0" />
				<Option object_output="Optimized" />
				<Option type="0" />
				<Option compiler="gcc" />
				<Option projectResourceIncludeDirsRelation="0" />
				<Compiler>
					<Add option="-O2" />
				</Compiler>
			</Target>
		</Build>
		<VirtualTargets>
			<Add alias="All" targets="Debug;Release;Optimized;" />
		</VirtualTargets>
		<Compiler>
			<Add option="-DSDL" />
			<Add option="-Dusefixed" />
			<Add directory="../Go4D" />
		</Compiler>
		<Unit filename="OFFViewerApp.cpp" />
		<Unit filename="OFFViewerApp.h" />
		<Unit filename="OFFViewerMain.cpp" />
		<Extensions>
			<code_completion />
			<debugger />
		</Extensions>
	</Project>
</CodeBlocks_project_file>
