<?xml version="1.0" encoding="UTF-8" standalone="yes" ?>
<CodeBlocks_project_file>
	<FileVersion major="1" minor="6" />
	<Project>
		<Option title="Cube" />
		<Option pch_mode="0" />
		<Option compiler="gcc" />
		<Build>
			<Target title="Debug">
				<Option output="Debug/Cube.exe" prefix_auto="0" extension_auto="0" />
				<Option working_dir="../Data" />
				<Option object_output="Debug" />
				<Option type="0" />
				<Option compiler="gcc" />
				<Option projectResourceIncludeDirsRelation="0" />
				<Compiler>
					<Add option="-O0" />
				</Compiler>
			</Target>
			<Target title="Release">
				<Option output="Release/Cube.exe" prefix_auto="0" extension_auto="0" />
				<Option object_output="Release" />
				<Option type="0" />
				<Option compiler="gcc" />
				<Option projectResourceIncludeDirsRelation="0" />
				<Compiler>
					<Add option="-O2" />
				</Compiler>
			</Target>
		</Build>
		<VirtualTargets>
			<Add alias="All" targets="Debug;Release;" />
		</VirtualTargets>
		<Compiler>
			<Add option="-g" />
			<Add option="-Dusefixed" />
			<Add option="-DSDL" />
			<Add directory="../Go4D" />
		</Compiler>
		<Linker>
			<Add library="Go4D" />
			<Add library="SDL" />
			<Add directory="../Go4D" />
		</Linker>
		<Unit filename="CubeDemo.cpp" />
		<Unit filename="CubeDemo.h" />
		<Unit filename="CubeTest.cpp" />
		<Extensions>
			<code_completion />
		</Extensions>
	</Project>
</CodeBlocks_project_file>
